// !$*UTF8*$!
{
	archiveVersion = 1;
	classes = {
	};
	objectVersion = 46;
	objects = {

/* Begin PBXBuildFile section */
		B62278C41D781ADD00979C5A /* main.m in Sources */ = {isa = PBXBuildFile; fileRef = B62278C31D781ADD00979C5A /* main.m */; };
		B62278CB1D78208700979C5A /* README.MD in Sources */ = {isa = PBXBuildFile; fileRef = B62278CA1D78208700979C5A /* README.MD */; };
/* End PBXBuildFile section */

/* Begin PBXCopyFilesBuildPhase section */
		B62278BE1D781ADD00979C5A /* CopyFiles */ = {
			isa = PBXCopyFilesBuildPhase;
			buildActionMask = 2147483647;
			dstPath = /usr/share/man/man1/;
			dstSubfolderSpec = 0;
			files = (
			);
			runOnlyForDeploymentPostprocessing = 1;
		};
/* End PBXCopyFilesBuildPhase section */

/* Begin PBXFileReference section */
		B62278C01D781ADD00979C5A /* SingleTon */ = {isa = PBXFileReference; explicitFileType = "compiled.mach-o.executable"; includeInIndex = 0; path = SingleTon; sourceTree = BUILT_PRODUCTS_DIR; };
		B62278C31D781ADD00979C5A /* main.m */ = {isa = PBXFileReference; lastKnownFileType = sourcecode.c.objc; path = main.m; sourceTree = "<group>"; };
		B62278CA1D78208700979C5A /* README.MD */ = {isa = PBXFileReference; fileEncoding = 4; lastKnownFileType = net.daringfireball.markdown; path = README.MD; sourceTree = "<group>"; };
/* End PBXFileReference section */

/* Begin PBXFrameworksBuildPhase section */
		B62278BD1D781ADD00979C5A /* Frameworks */ = {
			isa = PBXFrameworksBuildPhase;
			buildActionMask = 2147483647;
			files = (
			);
			runOnlyForDeploymentPostprocessing = 0;
		};
/* End PBXFrameworksBuildPhase section */

/* Begin PBXGroup section */
		B62278B71D781ADD00979C5A = {
			isa = PBXGroup;
			children = (
				B62278CA1D78208700979C5A /* README.MD */,
				B62278C21D781ADD00979C5A /* SingleTon */,
				B62278C11D781ADD00979C5A /* Products */,
			);
			sourceTree = "<group>";
		};
		B62278C11D781ADD00979C5A /* Products */ = {
			isa = PBXGroup;
			children = (
				B62278C01D781ADD00979C5A /* SingleTon */,
			);
			name = Products;
			sourceTree = "<group>";
		};
		B62278C21D781ADD00979C5A /* SingleTon */ = {
			isa = PBXGroup;
			children = (
				B62278C31D781ADD00979C5A /* main.m */,
			);
			path = SingleTon;
			sourceTree = "<group>";
		};
/* End PBXGroup section */

/* Begin PBXNativeTarget section */
		B62278BF1D781ADD00979C5A /* SingleTon */ = {
			isa = PBXNativeTarget;
			buildConfigurationList = B62278C71D781ADD00979C5A /* Build configuration list for PBXNativeTarget "SingleTon" */;
			buildPhases = (
				B62278BC1D781ADD00979C5A /* Sources */,
				B62278BD1D781ADD00979C5A /* Frameworks */,
				B62278BE1D781ADD00979C5A /* CopyFiles */,
			);
			buildRules = (
			);
			dependencies = (
			);
			name = SingleTon;
			productName = SingleTon;
			productReference = B62278C01D781ADD00979C5A /* SingleTon */;
			productType = "com.apple.product-type.tool";
		};
/* End PBXNativeTarget section */

/* Begin PBXProject section */
		B62278B81D781ADD00979C5A /* Project object */ = {
			isa = PBXProject;
			attributes = {
				LastUpgradeCheck = 0730;
				ORGANIZATIONNAME = friday;
				TargetAttributes = {
					B62278BF1D781ADD00979C5A = {
						CreatedOnToolsVersion = 7.3.1;
					};
				};
			};
			buildConfigurationList = B62278BB1D781ADD00979C5A /* Build configuration list for PBXProject "SingleTon" */;
			compatibilityVersion = "Xcode 3.2";
			developmentRegion = English;
			hasScannedForEncodings = 0;
			knownRegions = (
				en,
			);
			mainGroup = B62278B71D781ADD00979C5A;
			productRefGroup = B62278C11D781ADD00979C5A /* Products */;
			projectDirPath = "";
			projectRoot = "";
			targets = (
				B62278BF1D781ADD00979C5A /* SingleTon */,
			);
		};
/* End PBXProject section */

/* Begin PBXSourcesBuildPhase section */
		B62278BC1D781ADD00979C5A /* Sources */ = {
			isa = PBXSourcesBuildPhase;
			buildActionMask = 2147483647;
			files = (
				B62278CB1D78208700979C5A /* README.MD in Sources */,
				B62278C41D781ADD00979C5A /* main.m in Sources */,
			);
			runOnlyForDeploymentPostprocessing = 0;
		};
/* End PBXSourcesBuildPhase section */

/* Begin XCBuildConfiguration section */
		B62278C51D781ADD00979C5A /* Debug */ = {
			isa = XCBuildConfiguration;
			buildSettings = {
				ALWAYS_SEARCH_USER_PATHS = NO;
				CLANG_ANALYZER_NONNULL = YES;
				CLANG_CXX_LANGUAGE_STANDARD = "gnu++0x";
				CLANG_CXX_LIBRARY = "libc++";
				CLANG_ENABLE_MODULES = YES;
				CLANG_ENABLE_OBJC_ARC = YES;
				CLANG_WARN_BOOL_CONVERSION = YES;
				CLANG_WARN_CONSTANT_CONVERSION = YES;
				CLANG_WARN_DIRECT_OBJC_ISA_USAGE = YES_ERROR;
				CLANG_WARN_EMPTY_BODY = YES;
				CLANG_WARN_ENUM_CONVERSION = YES;
				CLANG_WARN_INT_CONVERSION = YES;
				CLANG_WARN_OBJC_ROOT_CLASS = YES_ERROR;
				CLANG_WARN_UNREACHABLE_CODE = YES;
				CLANG_WARN__DUPLICATE_METHOD_MATCH = YES;
				CODE_SIGN_IDENTITY = "-";
				COPY_PHASE_STRIP = NO;
				DEBUG_INFORMATION_FORMAT = dwarf;
				ENABLE_STRICT_OBJC_MSGSEND = YES;
				ENABLE_TESTABILITY = YES;
				GCC_C_LANGUAGE_STANDARD = gnu99;
				GCC_DYNAMIC_NO_PIC = NO;
				GCC_NO_COMMON_BLOCKS = YES;
				GCC_OPTIMIZATION_LEVEL = 0;
				GCC_PREPROCESSOR_DEFINITIONS = (
					"DEBUG=1",
					"$(inherited)",
				);
				GCC_WARN_64_TO_32_BIT_CONVERSION = YES;
				GCC_WARN_ABOUT_RETURN_TYPE = YES_ERROR;
				GCC_WARN_UNDECLARED_SELECTOR = YES;
				GCC_WARN_UNINITIALIZED_AUTOS = YES_AGGRESSIVE;
				GCC_WARN_UNUSED_FUNCTION = YES;
				GCC_WARN_UNUSED_VARIABLE = YES;
				MACOSX_DEPLOYMENT_TARGET = 10.11;
				MTL_ENABLE_DEBUG_INFO = YES;
				ONLY_ACTIVE_ARCH = YES;
				SDKROOT = macosx;
			};
			name = Debug;
		};
		B62278C61D781ADD00979C5A /* Release */ = {
			isa = XCBuildConfiguration;
			buildSettings = {
				ALWAYS_SEARCH_USER_PATHS = NO;
				CLANG_ANALYZER_NONNULL = YES;
				CLANG_CXX_LANGUAGE_STANDARD = "gnu++0x";
				CLANG_CXX_LIBRARY = "libc++";
				CLANG_ENABLE_MODULES = YES;
				CLANG_ENABLE_OBJC_ARC = YES;
				CLANG_WARN_BOOL_CONVERSION = YES;
				CLANG_WARN_CONSTANT_CONVERSION = YES;
				CLANG_WARN_DIRECT_OBJC_ISA_USAGE = YES_ERROR;
				CLANG_WARN_EMPTY_BODY = YES;
				CLANG_WARN_ENUM_CONVERSION = YES;
				CLANG_WARN_INT_CONVERSION = YES;
				CLANG_WARN_OBJC_ROOT_CLASS = YES_ERROR;
				CLANG_WARN_UNREACHABLE_CODE = YES;
				CLANG_WARN__DUPLICATE_METHOD_MATCH = YES;
				CODE_SIGN_IDENTITY = "-";
				COPY_PHASE_STRIP = NO;
				DEBUG_INFORMATION_FORMAT = "dwarf-with-dsym";
				ENABLE_NS_ASSERTIONS = NO;
				ENABLE_STRICT_OBJC_MSGSEND = YES;
				GCC_C_LANGUAGE_STANDARD = gnu99;
				GCC_NO_COMMON_BLOCKS = YES;
				GCC_WARN_64_TO_32_BIT_CONVERSION = YES;
				GCC_WARN_ABOUT_RETURN_TYPE = YES_ERROR;
				GCC_WARN_UNDECLARED_SELECTOR = YES;
				GCC_WARN_UNINITIALIZED_AUTOS = YES_AGGRESSIVE;
				GCC_WARN_UNUSED_FUNCTION = YES;
				GCC_WARN_UNUSED_VARIABLE = YES;
				MACOSX_DEPLOYMENT_TARGET = 10.11;
				MTL_ENABLE_DEBUG_INFO = NO;
				SDKROOT = macosx;
			};
			name = Release;
		};
		B62278C81D781ADD00979C5A /* Debug */ = {
			isa = XCBuildConfiguration;
			buildSettings = {
				PRODUCT_NAME = "$(TARGET_NAME)";
			};
			name = Debug;
		};
		B62278C91D781ADD00979C5A /* Release */ = {
			isa = XCBuildConfiguration;
			buildSettings = {
				PRODUCT_NAME = "$(TARGET_NAME)";
			};
			name = Release;
		};
/* End XCBuildConfiguration section */

/* Begin XCConfigurationList section */
		B62278BB1D781ADD00979C5A /* Build configuration list for PBXProject "SingleTon" */ = {
			isa = XCConfigurationList;
			buildConfigurations = (
				B62278C51D781ADD00979C5A /* Debug */,
				B62278C61D781ADD00979C5A /* Release */,
			);
			defaultConfigurationIsVisible = 0;
			defaultConfigurationName = Release;
		};
		B62278C71D781ADD00979C5A /* Build configuration list for PBXNativeTarget "SingleTon" */ = {
			isa = XCConfigurationList;
			buildConfigurations = (
				B62278C81D781ADD00979C5A /* Debug */,
				B62278C91D781ADD00979C5A /* Release */,
			);
			defaultConfigurationIsVisible = 0;
		};
/* End XCConfigurationList section */
	};
	rootObject = B62278B81D781ADD00979C5A /* Project object */;
}
